github.com/Ziqi-Yang/hugo-theme-meow v0.0.0-20230225033529-241e225d2802 h1:rRp8R8n+lAzFXePkro6fIwzVKZ9c98szm6RmFacEaUI=
github.com/Ziqi-Yang/hugo-theme-meow v0.0.0-20230225033529-241e225d2802/go.mod h1:gAIgmQaROqoG2nAfoAyz5js4ywDYm7hjAH8EflfL2+w=
github.com/Ziqi-Yang/hugo-theme-meow v0.0.0-20230225040400-fc702c2f95ef h1:IqGLAd2yoCoConneOa8+IgBGSMaTNm7Y5urdv/2jmDc=
github.com/Ziqi-Yang/hugo-theme-meow v0.0.0-20230225040400-fc702c2f95ef/go.mod h1:gAIgmQaROqoG2nAfoAyz5js4ywDYm7hjAH8EflfL2+w=
github.com/Ziqi-Yang/hugo-theme-meow v0.0.0-20230225045417-84dbbb8a0603 h1:m2Tw2oESHr7R3MXRgQd6shAK6CnBnq3bS9mWS/2eXYo=
github.com/Ziqi-Yang/hugo-theme-meow v0.0.0-20230225045417-84dbbb8a0603/go.mod h1:gAIgmQaROqoG2nAfoAyz5js4ywDYm7hjAH8EflfL2+w=
github.com/Ziqi-Yang/hugo-theme-meow v0.0.0-20230321145538-2124eb9b88b1 h1:Re/C4Zy3UWxJlnw+B7e4sqxm9DnzGPTR0SkUPss5vO4=
github.com/Ziqi-Yang/hugo-theme-meow v0.0.0-20230321145538-2124eb9b88b1/go.mod h1:gAIgmQaROqoG2nAfoAyz5js4ywDYm7hjAH8EflfL2+w=
github.com/Ziqi-Yang/hugo-theme-meow v0.0.0-20230322150104-bc9cf7d723eb h1:7nLkZdrf+eqq90xqw+iLx+jFf74YJZKz1UzG4TSMgvc=
github.com/Ziqi-Yang/hugo-theme-meow v0.0.0-20230322150104-bc9cf7d723eb/go.mod h1:gAIgmQaROqoG2nAfoAyz5js4ywDYm7hjAH8EflfL2+w=
