github.com/Ziqi-Yang/hugo-theme-meow v0.0.0-20230219011019-fe94c8b66d7b h1:tVPTwBooQqAx8dOWdLeTs3J0Yp2tZL+3CIFujQd4F7o=
github.com/Ziqi-Yang/hugo-theme-meow v0.0.0-20230219011019-fe94c8b66d7b/go.mod h1:gAIgmQaROqoG2nAfoAyz5js4ywDYm7hjAH8EflfL2+w=
github.com/Ziqi-Yang/hugo-theme-meow v0.0.0-20230219024316-7262b28d0fd3 h1:hBTgfqm6HGgiM0Zh41oNBEJKKYdP6o24gMhWUt/5Ok4=
github.com/Ziqi-Yang/hugo-theme-meow v0.0.0-20230219024316-7262b28d0fd3/go.mod h1:gAIgmQaROqoG2nAfoAyz5js4ywDYm7hjAH8EflfL2+w=
